
Microsoft Visual Studio Solution File, Format Version 12.00
# Visual Studio Version 17
VisualStudioVersion = 17.14.36203.30
MinimumVisualStudioVersion = 10.0.40219.1
Project("{FAE04EC0-301F-11D3-BF4B-00C04F79EFBC}") = "EmployeeAdminPortal", "EmployeeAdminPortal\EmployeeAdminPortal.csproj", "{8A85E0FB-7752-4766-B52F-8C1E61D71BDE}"
EndProject
Project("{FAE04EC0-301F-11D3-BF4B-00C04F79EFBC}") = "EmployeeAdminPortal.Services", "EmployeeAdminPortal.Services\EmployeeAdminPortal.Services.csproj", "{37EBD6BC-7FF1-4E04-8DE5-2E44F0470792}"
EndProject
Project("{FAE04EC0-301F-11D3-BF4B-00C04F79EFBC}") = "EmployeeAdminPortal.Data", "EmployeeAdminPortal.Data\EmployeeAdminPortal.Data.csproj", "{103F3A16-481F-42C7-8694-CFFF6FDF6E9D}"
EndProject
Project("{FAE04EC0-301F-11D3-BF4B-00C04F79EFBC}") = "EmployeeAdminPortal.Entity", "EmployeeAdminPortal.Entity\EmployeeAdminPortal.Entity.csproj", "{251DB04F-0C7F-4B59-8A1C-E124F8BE68EC}"
EndProject
Global
	GlobalSection(SolutionConfigurationPlatforms) = preSolution
		Debug|Any CPU = Debug|Any CPU
		Release|Any CPU = Release|Any CPU
	EndGlobalSection
	GlobalSection(ProjectConfigurationPlatforms) = postSolution
		{8A85E0FB-7752-4766-B52F-8C1E61D71BDE}.Debug|Any CPU.ActiveCfg = Debug|Any CPU
		{8A85E0FB-7752-4766-B52F-8C1E61D71BDE}.Debug|Any CPU.Build.0 = Debug|Any CPU
		{8A85E0FB-7752-4766-B52F-8C1E61D71BDE}.Release|Any CPU.ActiveCfg = Release|Any CPU
		{8A85E0FB-7752-4766-B52F-8C1E61D71BDE}.Release|Any CPU.Build.0 = Release|Any CPU
		{37EBD6BC-7FF1-4E04-8DE5-2E44F0470792}.Debug|Any CPU.ActiveCfg = Debug|Any CPU
		{37EBD6BC-7FF1-4E04-8DE5-2E44F0470792}.Debug|Any CPU.Build.0 = Debug|Any CPU
		{37EBD6BC-7FF1-4E04-8DE5-2E44F0470792}.Release|Any CPU.ActiveCfg = Release|Any CPU
		{37EBD6BC-7FF1-4E04-8DE5-2E44F0470792}.Release|Any CPU.Build.0 = Release|Any CPU
		{103F3A16-481F-42C7-8694-CFFF6FDF6E9D}.Debug|Any CPU.ActiveCfg = Debug|Any CPU
		{103F3A16-481F-42C7-8694-CFFF6FDF6E9D}.Debug|Any CPU.Build.0 = Debug|Any CPU
		{103F3A16-481F-42C7-8694-CFFF6FDF6E9D}.Release|Any CPU.ActiveCfg = Release|Any CPU
		{103F3A16-481F-42C7-8694-CFFF6FDF6E9D}.Release|Any CPU.Build.0 = Release|Any CPU
		{251DB04F-0C7F-4B59-8A1C-E124F8BE68EC}.Debug|Any CPU.ActiveCfg = Debug|Any CPU
		{251DB04F-0C7F-4B59-8A1C-E124F8BE68EC}.Debug|Any CPU.Build.0 = Debug|Any CPU
		{251DB04F-0C7F-4B59-8A1C-E124F8BE68EC}.Release|Any CPU.ActiveCfg = Release|Any CPU
		{251DB04F-0C7F-4B59-8A1C-E124F8BE68EC}.Release|Any CPU.Build.0 = Release|Any CPU
	EndGlobalSection
	GlobalSection(SolutionProperties) = preSolution
		HideSolutionNode = FALSE
	EndGlobalSection
	GlobalSection(ExtensibilityGlobals) = postSolution
		SolutionGuid = {F0081859-2B2C-46D2-980E-DA09B144C38F}
	EndGlobalSection
EndGlobal
